
Microsoft Visual Studio Solution File, Format Version 12.00
# Visual Studio 15
VisualStudioVersion = 15.0.28307.168
MinimumVisualStudioVersion = 10.0.40219.1
Project("{FAE04EC0-301F-11D3-BF4B-00C04F79EFBC}") = "NomadvantageTest", "NomadvantageTest\NomadvantageTest.csproj", "{81BC128A-CC1E-4000-B902-4D77A50896AE}"
EndProject
Global
	GlobalSection(SolutionConfigurationPlatforms) = preSolution
		Debug|Any CPU = Debug|Any CPU
		Release|Any CPU = Release|Any CPU
	EndGlobalSection
	GlobalSection(ProjectConfigurationPlatforms) = postSolution
		{81BC128A-CC1E-4000-B902-4D77A50896AE}.Debug|Any CPU.ActiveCfg = Debug|Any CPU
		{81BC128A-CC1E-4000-B902-4D77A50896AE}.Debug|Any CPU.Build.0 = Debug|Any CPU
		{81BC128A-CC1E-4000-B902-4D77A50896AE}.Release|Any CPU.ActiveCfg = Release|Any CPU
		{81BC128A-CC1E-4000-B902-4D77A50896AE}.Release|Any CPU.Build.0 = Release|Any CPU
	EndGlobalSection
	GlobalSection(SolutionProperties) = preSolution
		HideSolutionNode = FALSE
	EndGlobalSection
	GlobalSection(ExtensibilityGlobals) = postSolution
		SolutionGuid = {15E445E4-FECB-4A87-A8E7-7AB0256E1A89}
	EndGlobalSection
EndGlobal
